# This file is automatically @generated by Wally.
# It is not intended for manual editing.
registry = "test"

[[package]]
name = "dongd5ng/test"
version = "0.1.0"
dependencies = [["context", "jiwonz/context@0.0.1"]]

[[package]]
name = "evaera/promise"
version = "4.0.0"
dependencies = []

[[package]]
name = "jiwonz/context"
version = "0.0.1"
dependencies = [["promise", "lukadev-0/typed-promise@4.0.2"]]

[[package]]
name = "lukadev-0/typed-promise"
version = "4.0.2"
dependencies = [["Promise", "evaera/promise@4.0.0"]]
